{
  "requires": true,
  "lockfileVersion": 1,
  "dependencies": {
    "@sentry/browser": {
      "version": "5.19.1",
      "resolved": "https://registry.npmjs.org/@sentry/browser/-/browser-5.19.1.tgz",
      "integrity": "sha512-Aon5Nc2n8sIXKg6Xbr4RM3/Xs7vFpXksL56z3yIuGrmpCM8ToQ25/tQv8h+anYi72x5bn1npzaXB/NwU1Qwfhg==",
      "requires": {
        "@sentry/core": "5.19.1",
        "@sentry/types": "5.19.1",
        "@sentry/utils": "5.19.1",
        "tslib": "^1.9.3"
      }
    },
    "@sentry/core": {
      "version": "5.19.1",
      "resolved": "https://registry.npmjs.org/@sentry/core/-/core-5.19.1.tgz",
      "integrity": "sha512-BGGxjeT95Og/hloBhQXAVcndVXPmIU6drtF3oKRT12cBpiG965xEDEUwiJVvyb5MAvojdVEZBK2LURUFY/d7Zw==",
      "requires": {
        "@sentry/hub": "5.19.1",
        "@sentry/minimal": "5.19.1",
        "@sentry/types": "5.19.1",
        "@sentry/utils": "5.19.1",
        "tslib": "^1.9.3"
      }
    },
    "@sentry/hub": {
      "version": "5.19.1",
      "resolved": "https://registry.npmjs.org/@sentry/hub/-/hub-5.19.1.tgz",
      "integrity": "sha512-XjfbNGWVeDsP38alm5Cm08YPIw5Hu6HbPkw7a3y1piViTrg4HdtsE+ZJqq0YcURo2RTpg6Ks6coCS/zJxIPygQ==",
      "requires": {
        "@sentry/types": "5.19.1",
        "@sentry/utils": "5.19.1",
        "tslib": "^1.9.3"
      }
    },
    "@sentry/minimal": {
      "version": "5.19.1",
      "resolved": "https://registry.npmjs.org/@sentry/minimal/-/minimal-5.19.1.tgz",
      "integrity": "sha512-pgNfsaCroEsC8gv+NqmPTIkj4wyK6ZgYLV12IT4k2oJLkGyg45TSAKabyB7oEP5jsj8sRzm8tDomu8M4HpaCHg==",
      "requires": {
        "@sentry/hub": "5.19.1",
        "@sentry/types": "5.19.1",
        "tslib": "^1.9.3"
      }
    },
    "@sentry/types": {
      "version": "5.19.1",
      "resolved": "https://registry.npmjs.org/@sentry/types/-/types-5.19.1.tgz",
      "integrity": "sha512-M5MhTLnjqYFwxMwcFPBpBgYQqI9hCvtVuj/A+NvcBHpe7VWOXdn/Sys+zD6C76DWGFYQdw3OWCsZimP24dL8mA=="
    },
    "@sentry/utils": {
      "version": "5.19.1",
      "resolved": "https://registry.npmjs.org/@sentry/utils/-/utils-5.19.1.tgz",
      "integrity": "sha512-neUiNBnZSHjWTZWy2QV02EHTx1C2L3DBPzRXlh0ca5xrI7LMBLmhkHlhebn1E5ky3PW1teqZTgmh0jZoL99TEA==",
      "requires": {
        "@sentry/types": "5.19.1",
        "tslib": "^1.9.3"
      }
    },
    "tslib": {
      "version": "1.13.0",
      "resolved": "https://registry.npmjs.org/tslib/-/tslib-1.13.0.tgz",
      "integrity": "sha512-i/6DQjL8Xf3be4K/E6Wgpekn5Qasl1usyw++dAA35Ue5orEn65VIxOA+YvNNl9HV3qv70T7CNwjODHZrLwvd1Q=="
    }
  }
}
